// !$*UTF8*$!
{
	archiveVersion = 1;
	classes = {
	};
	objectVersion = 56;
	objects = {

/* Begin PBXBuildFile section */
		005DB9D7262A60CC1BA3B565 /* WebView.swift in Sources */ = {isa = PBXBuildFile; fileRef = F8AE8259EA83C3639B01E46D /* WebView.swift */; };
		0088D66EA1CD0649FB91BF36 /* PrivacyInfo.xcprivacy in Resources */ = {isa = PBXBuildFile; fileRef = 1BB288FC9A079DE6438F1B25 /* PrivacyInfo.xcprivacy */; };
		094FAB6EE47E2785570E2F90 /* requireCapabilityPermission.swift in Sources */ = {isa = PBXBuildFile; fileRef = C0C5E116191D56DEC62589B5 /* requireCapabilityPermission.swift */; };
		155A94B09172A273CB456108 /* HeroView.swift in Sources */ = {isa = PBXBuildFile; fileRef = 63751A82913573260762D926 /* HeroView.swift */; };
		16AADB098877DD93575BA60A /* LaunchScreen.storyboard in Resources */ = {isa = PBXBuildFile; fileRef = 9CEF2047E8348CE9A7B60569 /* LaunchScreen.storyboard */; };
		19B36DD11E09F4180457B3E0 /* Color+Extensions.swift in Sources */ = {isa = PBXBuildFile; fileRef = C06DE0E3E05D5E0C85BA4547 /* Color+Extensions.swift */; };
		202274913B876EFEC1D972BF /* currentPlatform.swift in Sources */ = {isa = PBXBuildFile; fileRef = 654488D08C41EA15F7D137FD /* currentPlatform.swift */; };
		23B9A290BE1C24C297409E07 /* Assets.xcassets in Resources */ = {isa = PBXBuildFile; fileRef = 694099248A01535673FFC85C /* Assets.xcassets */; };
		24A77D6AC13CB7DD64A8E01B /* requireNetwork.swift in Sources */ = {isa = PBXBuildFile; fileRef = 0B6460E499E06A7D7CC9D4C6 /* requireNetwork.swift */; };
		384D60897938E93387849EB5 /* SharedKit.framework in Frameworks */ = {isa = PBXBuildFile; fileRef = F94259E29ADBD9426F81171D /* SharedKit.framework */; };
		3A33FFA73AA507432EFBE749 /* DeveloperSettingsView.swift in Sources */ = {isa = PBXBuildFile; fileRef = D6489243034D531BC3B291F4 /* DeveloperSettingsView.swift */; };
		3A4A26A387DB8246D2673B83 /* ContentView.swift in Sources */ = {isa = PBXBuildFile; fileRef = 8B60471DA2FA56587AC93B89 /* ContentView.swift */; };
		3CD786066EE26438EA0E963C /* modifier.swift in Sources */ = {isa = PBXBuildFile; fileRef = D95DFFDE27BD3E80ADFDE2BC /* modifier.swift */; };
		41D0167A7971940432446B9E /* askUserFor.swift in Sources */ = {isa = PBXBuildFile; fileRef = 056B70349F805772701177F4 /* askUserFor.swift */; };
		4ACEFD1954F80DDFD1746836 /* getPlistEntry.swift in Sources */ = {isa = PBXBuildFile; fileRef = BE42710FD4FD89DA73FD78D9 /* getPlistEntry.swift */; };
		4AEDC560EC556A050D6B4E03 /* squircle.swift in Sources */ = {isa = PBXBuildFile; fileRef = 49967CB3C8A31B5AE5EEE3C6 /* squircle.swift */; };
		51AB66416527F8213E2501BE /* InAppNotificationView.swift in Sources */ = {isa = PBXBuildFile; fileRef = 0AEFC68FA656CBFC6703FF4C /* InAppNotificationView.swift */; };
		544D4CE6B003180219E4F9F5 /* accentBackground.swift in Sources */ = {isa = PBXBuildFile; fileRef = 4B9B5B1E35D79A201CC25595 /* accentBackground.swift */; };
		5DA45EE4340F43B7A034AE6B /* App.swift in Sources */ = {isa = PBXBuildFile; fileRef = 12CDC1A472DDD67C21A1562D /* App.swift */; };
		5F3B765941B2AA7C0E2EC532 /* PrivacyView.swift in Sources */ = {isa = PBXBuildFile; fileRef = 695C33E73A77D13C421999E7 /* PrivacyView.swift */; };
		61C7DCA5A205ABF8535313A2 /* OnboardingView.swift in Sources */ = {isa = PBXBuildFile; fileRef = AEDE12769F21E657EE1D334A /* OnboardingView.swift */; };
		61E3F71EA67D1120A76073AD /* TuistBundle+Joke.swift in Sources */ = {isa = PBXBuildFile; fileRef = F6D14FF81E3C2615CB1E5F47 /* TuistBundle+Joke.swift */; };
		63702E1C3409BB6DF504A08B /* ShowRequestSheetWhenNeededModifier.swift in Sources */ = {isa = PBXBuildFile; fileRef = 5F91D09089301F3AAC14E19C /* ShowRequestSheetWhenNeededModifier.swift */; };
		64C003DE9A04693C4CB669B4 /* Constants.swift in Sources */ = {isa = PBXBuildFile; fileRef = 985AF0CB2133511A1E4FB418 /* Constants.swift */; };
		6B0731862E72F51300C3763A /* Test1View.swift in Sources */ = {isa = PBXBuildFile; fileRef = 6B0731852E72F51300C3763A /* Test1View.swift */; };
		6B0731882E72F64600C3763A /* Test2View.swift in Sources */ = {isa = PBXBuildFile; fileRef = 6B0731872E72F64600C3763A /* Test2View.swift */; };
		6B07318A2E745AAB00C3763A /* Test3View.swift in Sources */ = {isa = PBXBuildFile; fileRef = 6B0731892E745AAB00C3763A /* Test3View.swift */; };
		6B33F3E92E28E20B00DB101B /* JokeView.swift in Sources */ = {isa = PBXBuildFile; fileRef = 6B33F3E82E28E20B00DB101B /* JokeView.swift */; };
		6B33F3EB2E28E3AC00DB101B /* SpeechRecognizer.swift in Sources */ = {isa = PBXBuildFile; fileRef = 6B33F3EA2E28E3A900DB101B /* SpeechRecognizer.swift */; };
		6B89C2142E83E785005C124F /* SelfTalkView.swift in Sources */ = {isa = PBXBuildFile; fileRef = 6B89C2132E83E783005C124F /* SelfTalkView.swift */; };
		6B89C2162E843409005C124F /* HomeView.swift in Sources */ = {isa = PBXBuildFile; fileRef = 6B89C2152E843409005C124F /* HomeView.swift */; };
		6B89C21C2E843C40005C124F /* Example1View.swift in Sources */ = {isa = PBXBuildFile; fileRef = 6B89C21B2E843C40005C124F /* Example1View.swift */; };
		6B89C21E2E843C4F005C124F /* Example2View.swift in Sources */ = {isa = PBXBuildFile; fileRef = 6B89C21D2E843C4F005C124F /* Example2View.swift */; };
		6B89C2202E843C85005C124F /* Example3View.swift in Sources */ = {isa = PBXBuildFile; fileRef = 6B89C21F2E843C85005C124F /* Example3View.swift */; };
		73040C5F15FFCA1C885D6930 /* CheckmarkToggle.swift in Sources */ = {isa = PBXBuildFile; fileRef = BE1C0D9DD71953002AB511B1 /* CheckmarkToggle.swift */; };
		92494491DF90035F02222A2A /* openAppInSettings.swift in Sources */ = {isa = PBXBuildFile; fileRef = BE7BA8DC1A5EB5A47FA6A8DD /* openAppInSettings.swift */; };
		944CE36CBB2F1A4766F6054F /* UserDefaults+Extensions.swift in Sources */ = {isa = PBXBuildFile; fileRef = 18AFD48274B52F55A3979246 /* UserDefaults+Extensions.swift */; };
		9C3A687C47302628E5558A78 /* showInAppNotification.swift in Sources */ = {isa = PBXBuildFile; fileRef = 8AAF71128C3D225615DF1592 /* showInAppNotification.swift */; };
		9CB6AFFE69DBDAC85F68B633 /* TextField.swift in Sources */ = {isa = PBXBuildFile; fileRef = B1941D67A5009D0FDB0CA0EA /* TextField.swift */; };
		A001864C707D865CD6239270 /* Assets.xcassets in Resources */ = {isa = PBXBuildFile; fileRef = 6DF51FC22AB1AEE07618BD4A /* Assets.xcassets */; };
		A15A7F62D8B59D152082218D /* SettingsView.swift in Sources */ = {isa = PBXBuildFile; fileRef = 178DF8B922C6C16C84462796 /* SettingsView.swift */; };
		AADB988C7B3C8D74FFF21504 /* Haptics.swift in Sources */ = {isa = PBXBuildFile; fileRef = CF7D448E73A2B1BA7CE9BC32 /* Haptics.swift */; };
		ABABA5C7C351AD8D1C1CCAA0 /* PrivacyInfo.xcprivacy in Resources */ = {isa = PBXBuildFile; fileRef = 1BB288FC9A079DE6438F1B25 /* PrivacyInfo.xcprivacy */; };
		AD1182943DACD83878084DCA /* BiometricAuth.swift in Sources */ = {isa = PBXBuildFile; fileRef = A9A7D0DD3BB7067E4907DAED /* BiometricAuth.swift */; };
		AEA154729297A5F481D9ED10 /* ProfileImage.swift in Sources */ = {isa = PBXBuildFile; fileRef = 68F8E2F9871E60580FD398B0 /* ProfileImage.swift */; };
		B09449FCA02637433DC5A369 /* if.swift in Sources */ = {isa = PBXBuildFile; fileRef = 3CC513E9A841EACB5E0181C0 /* if.swift */; };
		B3F05C930FB88E6C438D899B /* onAppearAndChange.swift in Sources */ = {isa = PBXBuildFile; fileRef = C03F9F4E51E81E1DAA7ED3B4 /* onAppearAndChange.swift */; };
		B503DD06E4D77FC681A2C5EA /* VideoPlayerAlphaView.swift in Sources */ = {isa = PBXBuildFile; fileRef = B3B9D71B2711C6D40A450039 /* VideoPlayerAlphaView.swift */; };
		BB931EFE5C967F62E5654CEF /* Button.swift in Sources */ = {isa = PBXBuildFile; fileRef = C182588A38A77DE9E1D46B3B /* Button.swift */; };
		BBAF83DF1306984115E77D62 /* sensitiveView.swift in Sources */ = {isa = PBXBuildFile; fileRef = DB4A1B5EFCA14096EA87DEA3 /* sensitiveView.swift */; };
		BD18EE7D3B279BD119E755A0 /* LaunchScreen.storyboard in Resources */ = {isa = PBXBuildFile; fileRef = 9CEF2047E8348CE9A7B60569 /* LaunchScreen.storyboard */; };
		C876FB8E313C2F83F12F40FA /* SharedKit.framework in Embed Frameworks */ = {isa = PBXBuildFile; fileRef = F94259E29ADBD9426F81171D /* SharedKit.framework */; settings = {ATTRIBUTES = (CodeSignOnCopy, RemoveHeadersOnCopy, ); }; };
		C8D89406C30C7AABE4D946C6 /* TuistBundle+SharedKit.swift in Sources */ = {isa = PBXBuildFile; fileRef = AD862468B139B83CEFE36B4C /* TuistBundle+SharedKit.swift */; };
		CA15A8A74380FAEB3FC92D7B /* AppearanceView.swift in Sources */ = {isa = PBXBuildFile; fileRef = DBE5B14256F618A6C5EC3CE2 /* AppearanceView.swift */; };
		D8000BDDFC0176FF87BBD0DF /* RequestType.swift in Sources */ = {isa = PBXBuildFile; fileRef = E34C1CDA1CEB6CC2D1C69D1A /* RequestType.swift */; };
		DA5066ADE47C81E9D622626E /* Stack.swift in Sources */ = {isa = PBXBuildFile; fileRef = F9CC75E92449110E743D1FC0 /* Stack.swift */; };
		DFE664EFC508EB043477C135 /* Assets.xcassets in Resources */ = {isa = PBXBuildFile; fileRef = 694099248A01535673FFC85C /* Assets.xcassets */; };
		F4E8E9EA4015684BFCFAC457 /* WhatsNewView.swift in Sources */ = {isa = PBXBuildFile; fileRef = D5C66DF76DD3D5873EA29839 /* WhatsNewView.swift */; };
		F882B0F2221A210A556144BA /* isPreview.swift in Sources */ = {isa = PBXBuildFile; fileRef = 2A560518EDA75B41B9D303DA /* isPreview.swift */; };
/* End PBXBuildFile section */

/* Begin PBXContainerItemProxy section */
		8909AFB2C4521D61A196467E /* PBXContainerItemProxy */ = {
			isa = PBXContainerItemProxy;
			containerPortal = 89FD125A174157029324E89E /* Project object */;
			proxyType = 1;
			remoteGlobalIDString = 8D92EC24CDC8B69C4B67324E;
			remoteInfo = SharedKit;
		};
/* End PBXContainerItemProxy section */

/* Begin PBXCopyFilesBuildPhase section */
		1FB4A5B2D718A23032938676 /* Embed Frameworks */ = {
			isa = PBXCopyFilesBuildPhase;
			buildActionMask = 2147483647;
			dstPath = "";
			dstSubfolderSpec = 10;
			files = (
				C876FB8E313C2F83F12F40FA /* SharedKit.framework in Embed Frameworks */,
			);
			name = "Embed Frameworks";
			runOnlyForDeploymentPostprocessing = 0;
		};
		B8228694AC4761F22CF5E918 /* Embed Frameworks */ = {
			isa = PBXCopyFilesBuildPhase;
			buildActionMask = 2147483647;
			dstPath = "";
			dstSubfolderSpec = 10;
			files = (
			);
			name = "Embed Frameworks";
			runOnlyForDeploymentPostprocessing = 0;
		};
/* End PBXCopyFilesBuildPhase section */

/* Begin PBXFileReference section */
		056B70349F805772701177F4 /* askUserFor.swift */ = {isa = PBXFileReference; lastKnownFileType = sourcecode.swift; path = askUserFor.swift; sourceTree = "<group>"; };
		0AEFC68FA656CBFC6703FF4C /* InAppNotificationView.swift */ = {isa = PBXFileReference; lastKnownFileType = sourcecode.swift; path = InAppNotificationView.swift; sourceTree = "<group>"; };
		0B6460E499E06A7D7CC9D4C6 /* requireNetwork.swift */ = {isa = PBXFileReference; lastKnownFileType = sourcecode.swift; path = requireNetwork.swift; sourceTree = "<group>"; };
		12CDC1A472DDD67C21A1562D /* App.swift */ = {isa = PBXFileReference; lastKnownFileType = sourcecode.swift; path = App.swift; sourceTree = "<group>"; };
		178DF8B922C6C16C84462796 /* SettingsView.swift */ = {isa = PBXFileReference; lastKnownFileType = sourcecode.swift; path = SettingsView.swift; sourceTree = "<group>"; };
		18AFD48274B52F55A3979246 /* UserDefaults+Extensions.swift */ = {isa = PBXFileReference; lastKnownFileType = sourcecode.swift; path = "UserDefaults+Extensions.swift"; sourceTree = "<group>"; };
		1BB288FC9A079DE6438F1B25 /* PrivacyInfo.xcprivacy */ = {isa = PBXFileReference; lastKnownFileType = text.xml; path = PrivacyInfo.xcprivacy; sourceTree = "<group>"; };
		2A560518EDA75B41B9D303DA /* isPreview.swift */ = {isa = PBXFileReference; lastKnownFileType = sourcecode.swift; path = isPreview.swift; sourceTree = "<group>"; };
		2BA5C3159CE09919E7CEB213 /* Joke.entitlements */ = {isa = PBXFileReference; lastKnownFileType = text.plist.entitlements; path = Joke.entitlements; sourceTree = "<group>"; };
		3CC513E9A841EACB5E0181C0 /* if.swift */ = {isa = PBXFileReference; lastKnownFileType = sourcecode.swift; path = if.swift; sourceTree = "<group>"; };
		49967CB3C8A31B5AE5EEE3C6 /* squircle.swift */ = {isa = PBXFileReference; lastKnownFileType = sourcecode.swift; path = squircle.swift; sourceTree = "<group>"; };
		4B9B5B1E35D79A201CC25595 /* accentBackground.swift */ = {isa = PBXFileReference; lastKnownFileType = sourcecode.swift; path = accentBackground.swift; sourceTree = "<group>"; };
		5F91D09089301F3AAC14E19C /* ShowRequestSheetWhenNeededModifier.swift */ = {isa = PBXFileReference; lastKnownFileType = sourcecode.swift; path = ShowRequestSheetWhenNeededModifier.swift; sourceTree = "<group>"; };
		63751A82913573260762D926 /* HeroView.swift */ = {isa = PBXFileReference; lastKnownFileType = sourcecode.swift; path = HeroView.swift; sourceTree = "<group>"; };
		654488D08C41EA15F7D137FD /* currentPlatform.swift */ = {isa = PBXFileReference; lastKnownFileType = sourcecode.swift; path = currentPlatform.swift; sourceTree = "<group>"; };
		68F8E2F9871E60580FD398B0 /* ProfileImage.swift */ = {isa = PBXFileReference; lastKnownFileType = sourcecode.swift; path = ProfileImage.swift; sourceTree = "<group>"; };
		694099248A01535673FFC85C /* Assets.xcassets */ = {isa = PBXFileReference; lastKnownFileType = folder.assetcatalog; path = Assets.xcassets; sourceTree = "<group>"; };
		695C33E73A77D13C421999E7 /* PrivacyView.swift */ = {isa = PBXFileReference; lastKnownFileType = sourcecode.swift; path = PrivacyView.swift; sourceTree = "<group>"; };
		6B0731852E72F51300C3763A /* Test1View.swift */ = {isa = PBXFileReference; lastKnownFileType = sourcecode.swift; path = Test1View.swift; sourceTree = "<group>"; };
		6B0731872E72F64600C3763A /* Test2View.swift */ = {isa = PBXFileReference; lastKnownFileType = sourcecode.swift; path = Test2View.swift; sourceTree = "<group>"; };
		6B0731892E745AAB00C3763A /* Test3View.swift */ = {isa = PBXFileReference; lastKnownFileType = sourcecode.swift; path = Test3View.swift; sourceTree = "<group>"; };
		6B33F3E82E28E20B00DB101B /* JokeView.swift */ = {isa = PBXFileReference; lastKnownFileType = sourcecode.swift; path = JokeView.swift; sourceTree = "<group>"; };
		6B33F3EA2E28E3A900DB101B /* SpeechRecognizer.swift */ = {isa = PBXFileReference; lastKnownFileType = sourcecode.swift; path = SpeechRecognizer.swift; sourceTree = "<group>"; };
		6B89C2132E83E783005C124F /* SelfTalkView.swift */ = {isa = PBXFileReference; lastKnownFileType = sourcecode.swift; path = SelfTalkView.swift; sourceTree = "<group>"; };
		6B89C2152E843409005C124F /* HomeView.swift */ = {isa = PBXFileReference; lastKnownFileType = sourcecode.swift; path = HomeView.swift; sourceTree = "<group>"; };
		6B89C21B2E843C40005C124F /* Example1View.swift */ = {isa = PBXFileReference; lastKnownFileType = sourcecode.swift; path = Example1View.swift; sourceTree = "<group>"; };
		6B89C21D2E843C4F005C124F /* Example2View.swift */ = {isa = PBXFileReference; lastKnownFileType = sourcecode.swift; path = Example2View.swift; sourceTree = "<group>"; };
		6B89C21F2E843C85005C124F /* Example3View.swift */ = {isa = PBXFileReference; lastKnownFileType = sourcecode.swift; path = Example3View.swift; sourceTree = "<group>"; };
		6DF51FC22AB1AEE07618BD4A /* Assets.xcassets */ = {isa = PBXFileReference; lastKnownFileType = folder.assetcatalog; path = Assets.xcassets; sourceTree = "<group>"; };
		8AAF71128C3D225615DF1592 /* showInAppNotification.swift */ = {isa = PBXFileReference; lastKnownFileType = sourcecode.swift; path = showInAppNotification.swift; sourceTree = "<group>"; };
		8B60471DA2FA56587AC93B89 /* ContentView.swift */ = {isa = PBXFileReference; lastKnownFileType = sourcecode.swift; path = ContentView.swift; sourceTree = "<group>"; };
		985AF0CB2133511A1E4FB418 /* Constants.swift */ = {isa = PBXFileReference; lastKnownFileType = sourcecode.swift; path = Constants.swift; sourceTree = "<group>"; };
		9CEF2047E8348CE9A7B60569 /* LaunchScreen.storyboard */ = {isa = PBXFileReference; lastKnownFileType = file.storyboard; path = LaunchScreen.storyboard; sourceTree = "<group>"; };
		A99409BB0DF0EFC735D8FF7E /* Joke-Info.plist */ = {isa = PBXFileReference; lastKnownFileType = text.plist; path = "Joke-Info.plist"; sourceTree = "<group>"; };
		A9A7D0DD3BB7067E4907DAED /* BiometricAuth.swift */ = {isa = PBXFileReference; lastKnownFileType = sourcecode.swift; path = BiometricAuth.swift; sourceTree = "<group>"; };
		AD862468B139B83CEFE36B4C /* TuistBundle+SharedKit.swift */ = {isa = PBXFileReference; lastKnownFileType = sourcecode.swift; path = "TuistBundle+SharedKit.swift"; sourceTree = "<group>"; };
		AEDE12769F21E657EE1D334A /* OnboardingView.swift */ = {isa = PBXFileReference; lastKnownFileType = sourcecode.swift; path = OnboardingView.swift; sourceTree = "<group>"; };
		B1941D67A5009D0FDB0CA0EA /* TextField.swift */ = {isa = PBXFileReference; lastKnownFileType = sourcecode.swift; path = TextField.swift; sourceTree = "<group>"; };
		B32E78F7F6C380B6D1071940 /* Joke.app */ = {isa = PBXFileReference; explicitFileType = wrapper.application; includeInIndex = 0; path = Joke.app; sourceTree = BUILT_PRODUCTS_DIR; };
		B3B9D71B2711C6D40A450039 /* VideoPlayerAlphaView.swift */ = {isa = PBXFileReference; lastKnownFileType = sourcecode.swift; path = VideoPlayerAlphaView.swift; sourceTree = "<group>"; };
		BE1C0D9DD71953002AB511B1 /* CheckmarkToggle.swift */ = {isa = PBXFileReference; lastKnownFileType = sourcecode.swift; path = CheckmarkToggle.swift; sourceTree = "<group>"; };
		BE42710FD4FD89DA73FD78D9 /* getPlistEntry.swift */ = {isa = PBXFileReference; lastKnownFileType = sourcecode.swift; path = getPlistEntry.swift; sourceTree = "<group>"; };
		BE7BA8DC1A5EB5A47FA6A8DD /* openAppInSettings.swift */ = {isa = PBXFileReference; lastKnownFileType = sourcecode.swift; path = openAppInSettings.swift; sourceTree = "<group>"; };
		C03F9F4E51E81E1DAA7ED3B4 /* onAppearAndChange.swift */ = {isa = PBXFileReference; lastKnownFileType = sourcecode.swift; path = onAppearAndChange.swift; sourceTree = "<group>"; };
		C06DE0E3E05D5E0C85BA4547 /* Color+Extensions.swift */ = {isa = PBXFileReference; lastKnownFileType = sourcecode.swift; path = "Color+Extensions.swift"; sourceTree = "<group>"; };
		C0C5E116191D56DEC62589B5 /* requireCapabilityPermission.swift */ = {isa = PBXFileReference; lastKnownFileType = sourcecode.swift; path = requireCapabilityPermission.swift; sourceTree = "<group>"; };
		C182588A38A77DE9E1D46B3B /* Button.swift */ = {isa = PBXFileReference; lastKnownFileType = sourcecode.swift; path = Button.swift; sourceTree = "<group>"; };
		CF7D448E73A2B1BA7CE9BC32 /* Haptics.swift */ = {isa = PBXFileReference; lastKnownFileType = sourcecode.swift; path = Haptics.swift; sourceTree = "<group>"; };
		D424E1C67C168EB81F319514 /* SharedKit-Info.plist */ = {isa = PBXFileReference; lastKnownFileType = text.plist; path = "SharedKit-Info.plist"; sourceTree = "<group>"; };
		D5C66DF76DD3D5873EA29839 /* WhatsNewView.swift */ = {isa = PBXFileReference; lastKnownFileType = sourcecode.swift; path = WhatsNewView.swift; sourceTree = "<group>"; };
		D6489243034D531BC3B291F4 /* DeveloperSettingsView.swift */ = {isa = PBXFileReference; lastKnownFileType = sourcecode.swift; path = DeveloperSettingsView.swift; sourceTree = "<group>"; };
		D95DFFDE27BD3E80ADFDE2BC /* modifier.swift */ = {isa = PBXFileReference; lastKnownFileType = sourcecode.swift; path = modifier.swift; sourceTree = "<group>"; };
		DB4A1B5EFCA14096EA87DEA3 /* sensitiveView.swift */ = {isa = PBXFileReference; lastKnownFileType = sourcecode.swift; path = sensitiveView.swift; sourceTree = "<group>"; };
		DBE5B14256F618A6C5EC3CE2 /* AppearanceView.swift */ = {isa = PBXFileReference; lastKnownFileType = sourcecode.swift; path = AppearanceView.swift; sourceTree = "<group>"; };
		E34C1CDA1CEB6CC2D1C69D1A /* RequestType.swift */ = {isa = PBXFileReference; lastKnownFileType = sourcecode.swift; path = RequestType.swift; sourceTree = "<group>"; };
		F6D14FF81E3C2615CB1E5F47 /* TuistBundle+Joke.swift */ = {isa = PBXFileReference; lastKnownFileType = sourcecode.swift; path = "TuistBundle+Joke.swift"; sourceTree = "<group>"; };
		F8AE8259EA83C3639B01E46D /* WebView.swift */ = {isa = PBXFileReference; lastKnownFileType = sourcecode.swift; path = WebView.swift; sourceTree = "<group>"; };
		F94259E29ADBD9426F81171D /* SharedKit.framework */ = {isa = PBXFileReference; explicitFileType = wrapper.framework; includeInIndex = 0; path = SharedKit.framework; sourceTree = BUILT_PRODUCTS_DIR; };
		F9CC75E92449110E743D1FC0 /* Stack.swift */ = {isa = PBXFileReference; lastKnownFileType = sourcecode.swift; path = Stack.swift; sourceTree = "<group>"; };
/* End PBXFileReference section */

/* Begin PBXFrameworksBuildPhase section */
		BE6F1F33AB2C96244CED7AD7 /* Frameworks */ = {
			isa = PBXFrameworksBuildPhase;
			buildActionMask = 2147483647;
			files = (
			);
			runOnlyForDeploymentPostprocessing = 0;
		};
		E5A6AD57CFBF1E0621E4FC28 /* Frameworks */ = {
			isa = PBXFrameworksBuildPhase;
			buildActionMask = 2147483647;
			files = (
				384D60897938E93387849EB5 /* SharedKit.framework in Frameworks */,
			);
			runOnlyForDeploymentPostprocessing = 0;
		};
/* End PBXFrameworksBuildPhase section */

/* Begin PBXGroup section */
		01E7020446767BD7F78A681A = {
			isa = PBXGroup;
			children = (
				6CC5A435B3A6693D136FBF1C /* Project */,
				FEDC99212D72D06115FDC124 /* Products */,
			);
			indentWidth = 4;
			sourceTree = "<group>";
			tabWidth = 4;
			usesTabs = 0;
			wrapsLines = 1;
		};
		0514C5BB18030C3CBE370705 /* Resources */ = {
			isa = PBXGroup;
			children = (
				694099248A01535673FFC85C /* Assets.xcassets */,
				9CEF2047E8348CE9A7B60569 /* LaunchScreen.storyboard */,
				1BB288FC9A079DE6438F1B25 /* PrivacyInfo.xcprivacy */,
			);
			path = Resources;
			sourceTree = "<group>";
		};
		07781DB45C661A905DE02F96 /* CapabilityAccess */ = {
			isa = PBXGroup;
			children = (
				38D28A29967DAD75D7E7306C /* ViewModifier */,
				056B70349F805772701177F4 /* askUserFor.swift */,
				E34C1CDA1CEB6CC2D1C69D1A /* RequestType.swift */,
			);
			path = CapabilityAccess;
			sourceTree = "<group>";
		};
		08044AD5E22098EDB4D5DCB2 /* ViewModifier */ = {
			isa = PBXGroup;
			children = (
				4B9B5B1E35D79A201CC25595 /* accentBackground.swift */,
			);
			path = ViewModifier;
			sourceTree = "<group>";
		};
		08F94D1070441BC7CEF62419 /* Developer */ = {
			isa = PBXGroup;
			children = (
				D6489243034D531BC3B291F4 /* DeveloperSettingsView.swift */,
			);
			path = Developer;
			sourceTree = "<group>";
		};
		0E018C3757BABAA0A5F74889 /* Styles */ = {
			isa = PBXGroup;
			children = (
				C182588A38A77DE9E1D46B3B /* Button.swift */,
				BE1C0D9DD71953002AB511B1 /* CheckmarkToggle.swift */,
				B1941D67A5009D0FDB0CA0EA /* TextField.swift */,
			);
			path = Styles;
			sourceTree = "<group>";
		};
		0E8D71171B025346DA49CDD1 /* Derived */ = {
			isa = PBXGroup;
			children = (
				CA6DEC5313F3ED9335261DD0 /* Entitlements */,
				44B6CA2EB51BE4E6BE7E3DC0 /* InfoPlists */,
				DFFF91ACD2D848790D73FD41 /* Sources */,
			);
			path = Derived;
			sourceTree = "<group>";
		};
		25A0E563225C4FA7AE296F51 /* App */ = {
			isa = PBXGroup;
			children = (
				0514C5BB18030C3CBE370705 /* Resources */,
				4D7BE4A430612EEBECB73D77 /* Sources */,
			);
			path = App;
			sourceTree = "<group>";
		};
		2A3C974D71B8F8406DB68532 /* OneTimeViews */ = {
			isa = PBXGroup;
			children = (
				AEDE12769F21E657EE1D334A /* OnboardingView.swift */,
				D5C66DF76DD3D5873EA29839 /* WhatsNewView.swift */,
			);
			path = OneTimeViews;
			sourceTree = "<group>";
		};
		31CD09BDA14BA682F9465021 /* Settings */ = {
			isa = PBXGroup;
			children = (
				DBE5B14256F618A6C5EC3CE2 /* AppearanceView.swift */,
				695C33E73A77D13C421999E7 /* PrivacyView.swift */,
				178DF8B922C6C16C84462796 /* SettingsView.swift */,
			);
			path = Settings;
			sourceTree = "<group>";
		};
		38D28A29967DAD75D7E7306C /* ViewModifier */ = {
			isa = PBXGroup;
			children = (
				C0C5E116191D56DEC62589B5 /* requireCapabilityPermission.swift */,
				5F91D09089301F3AAC14E19C /* ShowRequestSheetWhenNeededModifier.swift */,
			);
			path = ViewModifier;
			sourceTree = "<group>";
		};
		44B6CA2EB51BE4E6BE7E3DC0 /* InfoPlists */ = {
			isa = PBXGroup;
			children = (
				A99409BB0DF0EFC735D8FF7E /* Joke-Info.plist */,
				D424E1C67C168EB81F319514 /* SharedKit-Info.plist */,
			);
			path = InfoPlists;
			sourceTree = "<group>";
		};
		4B0E53AA54CB832E00B51C16 /* Sources */ = {
			isa = PBXGroup;
			children = (
				07781DB45C661A905DE02F96 /* CapabilityAccess */,
				EB5CE9194A7460E06E605B19 /* General */,
				EBA05D905A444572887F7932 /* InAppNotifications */,
				5DA059CD059314D5111AB6CA /* UI */,
			);
			path = Sources;
			sourceTree = "<group>";
		};
		4D7BE4A430612EEBECB73D77 /* Sources */ = {
			isa = PBXGroup;
			children = (
				9FC64A043291A626A6B77F67 /* View */,
				12CDC1A472DDD67C21A1562D /* App.swift */,
			);
			path = Sources;
			sourceTree = "<group>";
		};
		51492A216C440927141A7A98 /* ViewModifier */ = {
			isa = PBXGroup;
			children = (
				3CC513E9A841EACB5E0181C0 /* if.swift */,
				D95DFFDE27BD3E80ADFDE2BC /* modifier.swift */,
				C03F9F4E51E81E1DAA7ED3B4 /* onAppearAndChange.swift */,
				0B6460E499E06A7D7CC9D4C6 /* requireNetwork.swift */,
				DB4A1B5EFCA14096EA87DEA3 /* sensitiveView.swift */,
				49967CB3C8A31B5AE5EEE3C6 /* squircle.swift */,
			);
			path = ViewModifier;
			sourceTree = "<group>";
		};
		58BB504A8E75BD8783D95433 /* Targets */ = {
			isa = PBXGroup;
			children = (
				25A0E563225C4FA7AE296F51 /* App */,
				77F8C01659579A788B6244D6 /* SharedKit */,
			);
			path = Targets;
			sourceTree = "<group>";
		};
		5DA059CD059314D5111AB6CA /* UI */ = {
			isa = PBXGroup;
			children = (
				98CFA335D4B51C2BE4E1F83E /* Components */,
				0E018C3757BABAA0A5F74889 /* Styles */,
				08044AD5E22098EDB4D5DCB2 /* ViewModifier */,
			);
			path = UI;
			sourceTree = "<group>";
		};
		6B33F3E72E28E20200DB101B /* Joke */ = {
			isa = PBXGroup;
			children = (
				6B33F3EA2E28E3A900DB101B /* SpeechRecognizer.swift */,
				6B33F3E82E28E20B00DB101B /* JokeView.swift */,
			);
			path = Joke;
			sourceTree = "<group>";
		};
		6CC5A435B3A6693D136FBF1C /* Project */ = {
			isa = PBXGroup;
			children = (
				0E8D71171B025346DA49CDD1 /* Derived */,
				58BB504A8E75BD8783D95433 /* Targets */,
			);
			name = Project;
			sourceTree = "<group>";
		};
		7744311E1499B256F374831B /* Extensions */ = {
			isa = PBXGroup;
			children = (
				C06DE0E3E05D5E0C85BA4547 /* Color+Extensions.swift */,
				18AFD48274B52F55A3979246 /* UserDefaults+Extensions.swift */,
			);
			path = Extensions;
			sourceTree = "<group>";
		};
		77F8C01659579A788B6244D6 /* SharedKit */ = {
			isa = PBXGroup;
			children = (
				C119F69E53CD331C13DE71F6 /* Resources */,
				4B0E53AA54CB832E00B51C16 /* Sources */,
			);
			path = SharedKit;
			sourceTree = "<group>";
		};
		98CFA335D4B51C2BE4E1F83E /* Components */ = {
			isa = PBXGroup;
			children = (
				63751A82913573260762D926 /* HeroView.swift */,
				68F8E2F9871E60580FD398B0 /* ProfileImage.swift */,
			);
			path = Components;
			sourceTree = "<group>";
		};
		9FC64A043291A626A6B77F67 /* View */ = {
			isa = PBXGroup;
			children = (
				6B89C2152E843409005C124F /* HomeView.swift */,
				6B89C21B2E843C40005C124F /* Example1View.swift */,
				6B89C21D2E843C4F005C124F /* Example2View.swift */,
				6B89C21F2E843C85005C124F /* Example3View.swift */,
				6B33F3E72E28E20200DB101B /* Joke */,
				08F94D1070441BC7CEF62419 /* Developer */,
				2A3C974D71B8F8406DB68532 /* OneTimeViews */,
				31CD09BDA14BA682F9465021 /* Settings */,
				6B89C2132E83E783005C124F /* SelfTalkView.swift */,
				8B60471DA2FA56587AC93B89 /* ContentView.swift */,
				6B0731852E72F51300C3763A /* Test1View.swift */,
				6B0731872E72F64600C3763A /* Test2View.swift */,
				6B0731892E745AAB00C3763A /* Test3View.swift */,
			);
			path = View;
			sourceTree = "<group>";
		};
		A7C333852D6EE2DD6767D28B /* Helper */ = {
			isa = PBXGroup;
			children = (
				654488D08C41EA15F7D137FD /* currentPlatform.swift */,
				BE42710FD4FD89DA73FD78D9 /* getPlistEntry.swift */,
				2A560518EDA75B41B9D303DA /* isPreview.swift */,
				BE7BA8DC1A5EB5A47FA6A8DD /* openAppInSettings.swift */,
			);
			path = Helper;
			sourceTree = "<group>";
		};
		C119F69E53CD331C13DE71F6 /* Resources */ = {
			isa = PBXGroup;
			children = (
				6DF51FC22AB1AEE07618BD4A /* Assets.xcassets */,
			);
			path = Resources;
			sourceTree = "<group>";
		};
		CA6DEC5313F3ED9335261DD0 /* Entitlements */ = {
			isa = PBXGroup;
			children = (
				2BA5C3159CE09919E7CEB213 /* Joke.entitlements */,
			);
			path = Entitlements;
			sourceTree = "<group>";
		};
		D5240BD85DE6EA6F3F744123 /* View */ = {
			isa = PBXGroup;
			children = (
				F9CC75E92449110E743D1FC0 /* Stack.swift */,
				B3B9D71B2711C6D40A450039 /* VideoPlayerAlphaView.swift */,
				F8AE8259EA83C3639B01E46D /* WebView.swift */,
			);
			path = View;
			sourceTree = "<group>";
		};
		DFFF91ACD2D848790D73FD41 /* Sources */ = {
			isa = PBXGroup;
			children = (
				F6D14FF81E3C2615CB1E5F47 /* TuistBundle+Joke.swift */,
				AD862468B139B83CEFE36B4C /* TuistBundle+SharedKit.swift */,
			);
			path = Sources;
			sourceTree = "<group>";
		};
		EB5CE9194A7460E06E605B19 /* General */ = {
			isa = PBXGroup;
			children = (
				7744311E1499B256F374831B /* Extensions */,
				A7C333852D6EE2DD6767D28B /* Helper */,
				D5240BD85DE6EA6F3F744123 /* View */,
				51492A216C440927141A7A98 /* ViewModifier */,
				A9A7D0DD3BB7067E4907DAED /* BiometricAuth.swift */,
				985AF0CB2133511A1E4FB418 /* Constants.swift */,
				CF7D448E73A2B1BA7CE9BC32 /* Haptics.swift */,
			);
			path = General;
			sourceTree = "<group>";
		};
		EBA05D905A444572887F7932 /* InAppNotifications */ = {
			isa = PBXGroup;
			children = (
				0AEFC68FA656CBFC6703FF4C /* InAppNotificationView.swift */,
				8AAF71128C3D225615DF1592 /* showInAppNotification.swift */,
			);
			path = InAppNotifications;
			sourceTree = "<group>";
		};
		FEDC99212D72D06115FDC124 /* Products */ = {
			isa = PBXGroup;
			children = (
				B32E78F7F6C380B6D1071940 /* Joke.app */,
				F94259E29ADBD9426F81171D /* SharedKit.framework */,
			);
			name = Products;
			sourceTree = "<group>";
		};
/* End PBXGroup section */

/* Begin PBXNativeTarget section */
		8D92EC24CDC8B69C4B67324E /* SharedKit */ = {
			isa = PBXNativeTarget;
			buildConfigurationList = 43E9B5F578756578EFBB52EB /* Build configuration list for PBXNativeTarget "SharedKit" */;
			buildPhases = (
				6DDA6D9DBCB9868A7072684E /* Sources */,
				F6C5DE7720390439DFA60BB4 /* Resources */,
				B8228694AC4761F22CF5E918 /* Embed Frameworks */,
				BE6F1F33AB2C96244CED7AD7 /* Frameworks */,
			);
			buildRules = (
			);
			dependencies = (
			);
			name = SharedKit;
			productName = SharedKit;
			productReference = F94259E29ADBD9426F81171D /* SharedKit.framework */;
			productType = "com.apple.product-type.framework";
		};
		B432CFE88EA5D8FC3DA995FF /* Joke */ = {
			isa = PBXNativeTarget;
			buildConfigurationList = C53749EE8F3A63A89E3D3F18 /* Build configuration list for PBXNativeTarget "Joke" */;
			buildPhases = (
				F540A6B6454973530DD9F589 /* Sources */,
				79AD1FC96B9003193CDC6D1F /* Resources */,
				1FB4A5B2D718A23032938676 /* Embed Frameworks */,
				E5A6AD57CFBF1E0621E4FC28 /* Frameworks */,
			);
			buildRules = (
			);
			dependencies = (
				80451D755A2887A1C020FBF1 /* PBXTargetDependency */,
			);
			name = Joke;
			productName = Joke;
			productReference = B32E78F7F6C380B6D1071940 /* Joke.app */;
			productType = "com.apple.product-type.application";
		};
/* End PBXNativeTarget section */

/* Begin PBXProject section */
		89FD125A174157029324E89E /* Project object */ = {
			isa = PBXProject;
			attributes = {
				BuildIndependentTargetsInParallel = YES;
			};
			buildConfigurationList = 016238AD8656650438CDFFD3 /* Build configuration list for PBXProject "Joke" */;
			compatibilityVersion = "Xcode 14.0";
			developmentRegion = en;
			hasScannedForEncodings = 0;
			knownRegions = (
				Base,
				en,
			);
			mainGroup = 01E7020446767BD7F78A681A;
			productRefGroup = FEDC99212D72D06115FDC124 /* Products */;
			projectDirPath = "";
			projectRoot = "";
			targets = (
				B432CFE88EA5D8FC3DA995FF /* Joke */,
				8D92EC24CDC8B69C4B67324E /* SharedKit */,
			);
		};
/* End PBXProject section */

/* Begin PBXResourcesBuildPhase section */
		79AD1FC96B9003193CDC6D1F /* Resources */ = {
			isa = PBXResourcesBuildPhase;
			buildActionMask = 2147483647;
			files = (
				23B9A290BE1C24C297409E07 /* Assets.xcassets in Resources */,
				BD18EE7D3B279BD119E755A0 /* LaunchScreen.storyboard in Resources */,
				0088D66EA1CD0649FB91BF36 /* PrivacyInfo.xcprivacy in Resources */,
			);
			runOnlyForDeploymentPostprocessing = 0;
		};
		F6C5DE7720390439DFA60BB4 /* Resources */ = {
			isa = PBXResourcesBuildPhase;
			buildActionMask = 2147483647;
			files = (
				DFE664EFC508EB043477C135 /* Assets.xcassets in Resources */,
				16AADB098877DD93575BA60A /* LaunchScreen.storyboard in Resources */,
				ABABA5C7C351AD8D1C1CCAA0 /* PrivacyInfo.xcprivacy in Resources */,
				A001864C707D865CD6239270 /* Assets.xcassets in Resources */,
			);
			runOnlyForDeploymentPostprocessing = 0;
		};
/* End PBXResourcesBuildPhase section */

/* Begin PBXSourcesBuildPhase section */
		6DDA6D9DBCB9868A7072684E /* Sources */ = {
			isa = PBXSourcesBuildPhase;
			buildActionMask = 2147483647;
			files = (
				C8D89406C30C7AABE4D946C6 /* TuistBundle+SharedKit.swift in Sources */,
				D8000BDDFC0176FF87BBD0DF /* RequestType.swift in Sources */,
				63702E1C3409BB6DF504A08B /* ShowRequestSheetWhenNeededModifier.swift in Sources */,
				094FAB6EE47E2785570E2F90 /* requireCapabilityPermission.swift in Sources */,
				41D0167A7971940432446B9E /* askUserFor.swift in Sources */,
				AD1182943DACD83878084DCA /* BiometricAuth.swift in Sources */,
				64C003DE9A04693C4CB669B4 /* Constants.swift in Sources */,
				19B36DD11E09F4180457B3E0 /* Color+Extensions.swift in Sources */,
				944CE36CBB2F1A4766F6054F /* UserDefaults+Extensions.swift in Sources */,
				AADB988C7B3C8D74FFF21504 /* Haptics.swift in Sources */,
				202274913B876EFEC1D972BF /* currentPlatform.swift in Sources */,
				4ACEFD1954F80DDFD1746836 /* getPlistEntry.swift in Sources */,
				F882B0F2221A210A556144BA /* isPreview.swift in Sources */,
				92494491DF90035F02222A2A /* openAppInSettings.swift in Sources */,
				DA5066ADE47C81E9D622626E /* Stack.swift in Sources */,
				B503DD06E4D77FC681A2C5EA /* VideoPlayerAlphaView.swift in Sources */,
				005DB9D7262A60CC1BA3B565 /* WebView.swift in Sources */,
				B09449FCA02637433DC5A369 /* if.swift in Sources */,
				3CD786066EE26438EA0E963C /* modifier.swift in Sources */,
				B3F05C930FB88E6C438D899B /* onAppearAndChange.swift in Sources */,
				24A77D6AC13CB7DD64A8E01B /* requireNetwork.swift in Sources */,
				BBAF83DF1306984115E77D62 /* sensitiveView.swift in Sources */,
				4AEDC560EC556A050D6B4E03 /* squircle.swift in Sources */,
				51AB66416527F8213E2501BE /* InAppNotificationView.swift in Sources */,
				9C3A687C47302628E5558A78 /* showInAppNotification.swift in Sources */,
				155A94B09172A273CB456108 /* HeroView.swift in Sources */,
				AEA154729297A5F481D9ED10 /* ProfileImage.swift in Sources */,
				BB931EFE5C967F62E5654CEF /* Button.swift in Sources */,
				73040C5F15FFCA1C885D6930 /* CheckmarkToggle.swift in Sources */,
				9CB6AFFE69DBDAC85F68B633 /* TextField.swift in Sources */,
				544D4CE6B003180219E4F9F5 /* accentBackground.swift in Sources */,
			);
			runOnlyForDeploymentPostprocessing = 0;
		};
		F540A6B6454973530DD9F589 /* Sources */ = {
			isa = PBXSourcesBuildPhase;
			buildActionMask = 2147483647;
			files = (
				61E3F71EA67D1120A76073AD /* TuistBundle+Joke.swift in Sources */,
				5DA45EE4340F43B7A034AE6B /* App.swift in Sources */,
				6B89C21C2E843C40005C124F /* Example1View.swift in Sources */,
				6B33F3EB2E28E3AC00DB101B /* SpeechRecognizer.swift in Sources */,
				6B89C2202E843C85005C124F /* Example3View.swift in Sources */,
				6B89C2142E83E785005C124F /* SelfTalkView.swift in Sources */,
				6B89C2162E843409005C124F /* HomeView.swift in Sources */,
				6B0731882E72F64600C3763A /* Test2View.swift in Sources */,
				3A4A26A387DB8246D2673B83 /* ContentView.swift in Sources */,
				3A33FFA73AA507432EFBE749 /* DeveloperSettingsView.swift in Sources */,
				6B07318A2E745AAB00C3763A /* Test3View.swift in Sources */,
				61C7DCA5A205ABF8535313A2 /* OnboardingView.swift in Sources */,
				6B89C21E2E843C4F005C124F /* Example2View.swift in Sources */,
				6B33F3E92E28E20B00DB101B /* JokeView.swift in Sources */,
				F4E8E9EA4015684BFCFAC457 /* WhatsNewView.swift in Sources */,
				CA15A8A74380FAEB3FC92D7B /* AppearanceView.swift in Sources */,
				5F3B765941B2AA7C0E2EC532 /* PrivacyView.swift in Sources */,
				6B0731862E72F51300C3763A /* Test1View.swift in Sources */,
				A15A7F62D8B59D152082218D /* SettingsView.swift in Sources */,
			);
			runOnlyForDeploymentPostprocessing = 0;
		};
/* End PBXSourcesBuildPhase section */

/* Begin PBXTargetDependency section */
		80451D755A2887A1C020FBF1 /* PBXTargetDependency */ = {
			isa = PBXTargetDependency;
			name = SharedKit;
			target = 8D92EC24CDC8B69C4B67324E /* SharedKit */;
			targetProxy = 8909AFB2C4521D61A196467E /* PBXContainerItemProxy */;
		};
/* End PBXTargetDependency section */

/* Begin XCBuildConfiguration section */
		08D121899604C977128FAF84 /* Release */ = {
			isa = XCBuildConfiguration;
			buildSettings = {
				ASSETCATALOG_COMPILER_GENERATE_SWIFT_ASSET_SYMBOL_EXTENSIONS = YES;
				CODE_SIGN_IDENTITY = "";
				CURRENT_PROJECT_VERSION = 1;
				DEFINES_MODULE = YES;
				DYLIB_COMPATIBILITY_VERSION = 1;
				DYLIB_CURRENT_VERSION = 1;
				DYLIB_INSTALL_NAME_BASE = "@rpath";
				INFOPLIST_FILE = "Derived/InfoPlists/SharedKit-Info.plist";
				INSTALL_PATH = "$(LOCAL_LIBRARY_DIR)/Frameworks";
				IPHONEOS_DEPLOYMENT_TARGET = 18.0;
				LD_RUNPATH_SEARCH_PATHS = (
					"$(inherited)",
					"@executable_path/Frameworks",
					"@loader_path/Frameworks",
				);
				PRODUCT_BUNDLE_IDENTIFIER = com.authorname.joke.SharedKit;
				PRODUCT_NAME = SharedKit;
				SDKROOT = iphoneos;
				SKIP_INSTALL = YES;
				SUPPORTS_MACCATALYST = NO;
				SUPPORTS_MAC_DESIGNED_FOR_IPHONE_IPAD = NO;
				SUPPORTS_XR_DESIGNED_FOR_IPHONE_IPAD = NO;
				SWIFT_COMPILATION_MODE = wholemodule;
				SWIFT_OPTIMIZATION_LEVEL = "-Owholemodule";
				SWIFT_VERSION = 5.0;
				TARGETED_DEVICE_FAMILY = 1;
				VERSIONING_SYSTEM = "apple-generic";
				VERSION_INFO_PREFIX = "";
			};
			name = Release;
		};
		1B61D7CBA27B7B32B0C86937 /* Debug */ = {
			isa = XCBuildConfiguration;
			buildSettings = {
				ALWAYS_SEARCH_USER_PATHS = NO;
				ASSETCATALOG_COMPILER_ALTERNATE_APPICON_NAMES = "AppIcon-Alt-1 AppIcon-Alt-2";
				ASSETCATALOG_COMPILER_INCLUDE_ALL_APPICON_ASSETS = YES;
				CLANG_ANALYZER_LOCALIZABILITY_NONLOCALIZED = YES;
				CLANG_ANALYZER_NONNULL = YES;
				CLANG_ANALYZER_NUMBER_OBJECT_CONVERSION = YES_AGGRESSIVE;
				CLANG_CXX_LANGUAGE_STANDARD = "gnu++14";
				CLANG_CXX_LIBRARY = "libc++";
				CLANG_ENABLE_MODULES = YES;
				CLANG_ENABLE_OBJC_ARC = YES;
				CLANG_ENABLE_OBJC_WEAK = YES;
				CLANG_WARN_BLOCK_CAPTURE_AUTORELEASING = YES;
				CLANG_WARN_BOOL_CONVERSION = YES;
				CLANG_WARN_COMMA = YES;
				CLANG_WARN_CONSTANT_CONVERSION = YES;
				CLANG_WARN_DEPRECATED_OBJC_IMPLEMENTATIONS = YES;
				CLANG_WARN_DIRECT_OBJC_ISA_USAGE = YES_ERROR;
				CLANG_WARN_DOCUMENTATION_COMMENTS = YES;
				CLANG_WARN_EMPTY_BODY = YES;
				CLANG_WARN_ENUM_CONVERSION = YES;
				CLANG_WARN_INFINITE_RECURSION = YES;
				CLANG_WARN_INT_CONVERSION = YES;
				CLANG_WARN_NON_LITERAL_NULL_CONVERSION = YES;
				CLANG_WARN_OBJC_IMPLICIT_RETAIN_SELF = YES;
				CLANG_WARN_OBJC_LITERAL_CONVERSION = YES;
				CLANG_WARN_OBJC_ROOT_CLASS = YES_ERROR;
				CLANG_WARN_QUOTED_INCLUDE_IN_FRAMEWORK_HEADER = YES;
				CLANG_WARN_RANGE_LOOP_ANALYSIS = YES;
				CLANG_WARN_STRICT_PROTOTYPES = YES;
				CLANG_WARN_SUSPICIOUS_MOVE = YES;
				CLANG_WARN_UNGUARDED_AVAILABILITY = YES_AGGRESSIVE;
				CLANG_WARN_UNREACHABLE_CODE = YES;
				CLANG_WARN__DUPLICATE_METHOD_MATCH = YES;
				COPY_PHASE_STRIP = NO;
				CURRENT_PROJECT_VERSION = 1;
				DEAD_CODE_STRIPPING = YES;
				DEBUG_INFORMATION_FORMAT = dwarf;
				ENABLE_STRICT_OBJC_MSGSEND = YES;
				ENABLE_TESTABILITY = YES;
				GCC_C_LANGUAGE_STANDARD = gnu11;
				GCC_DYNAMIC_NO_PIC = NO;
				GCC_NO_COMMON_BLOCKS = YES;
				GCC_OPTIMIZATION_LEVEL = 0;
				GCC_PREPROCESSOR_DEFINITIONS = (
					"DEBUG=1",
					"$(inherited)",
				);
				GCC_WARN_64_TO_32_BIT_CONVERSION = YES;
				GCC_WARN_ABOUT_RETURN_TYPE = YES_ERROR;
				GCC_WARN_UNDECLARED_SELECTOR = YES;
				GCC_WARN_UNINITIALIZED_AUTOS = YES_AGGRESSIVE;
				GCC_WARN_UNUSED_FUNCTION = YES;
				GCC_WARN_UNUSED_VARIABLE = YES;
				MARKETING_VERSION = 1.0.0;
				MTL_ENABLE_DEBUG_INFO = YES;
				ONLY_ACTIVE_ARCH = YES;
				PRODUCT_NAME = "$(TARGET_NAME)";
			};
			name = Debug;
		};
		354E9C33C5CA599AEDEB824B /* Debug */ = {
			isa = XCBuildConfiguration;
			buildSettings = {
				ASSETCATALOG_COMPILER_APPICON_NAME = AppIcon;
				ASSETCATALOG_COMPILER_GENERATE_SWIFT_ASSET_SYMBOL_EXTENSIONS = YES;
				ASSETCATALOG_COMPILER_GLOBAL_ACCENT_COLOR_NAME = AccentColor;
				CODE_SIGN_ENTITLEMENTS = Derived/Entitlements/Joke.entitlements;
				CODE_SIGN_IDENTITY = "iPhone Developer";
				DEVELOPMENT_TEAM = LZ4N3DYK25;
				ENABLE_PREVIEWS = YES;
				INFOPLIST_FILE = "Derived/InfoPlists/Joke-Info.plist";
				IPHONEOS_DEPLOYMENT_TARGET = 18.0;
				LD_RUNPATH_SEARCH_PATHS = (
					"$(inherited)",
					"@executable_path/Frameworks",
				);
				OTHER_LDFLAGS = "-ObjC";
				PRODUCT_BUNDLE_IDENTIFIER = com.authorname.joke;
				PRODUCT_NAME = Joke;
				SDKROOT = iphoneos;
				SUPPORTS_MACCATALYST = NO;
				SUPPORTS_MAC_DESIGNED_FOR_IPHONE_IPAD = NO;
				SUPPORTS_XR_DESIGNED_FOR_IPHONE_IPAD = NO;
				SWIFT_ACTIVE_COMPILATION_CONDITIONS = "$(inherited) DEBUG";
				SWIFT_COMPILATION_MODE = singlefile;
				SWIFT_OPTIMIZATION_LEVEL = "-Onone";
				SWIFT_VERSION = 5.0;
				TARGETED_DEVICE_FAMILY = 1;
			};
			name = Debug;
		};
		A3DD990528C58F216BFF17A3 /* Debug */ = {
			isa = XCBuildConfiguration;
			buildSettings = {
				ASSETCATALOG_COMPILER_GENERATE_SWIFT_ASSET_SYMBOL_EXTENSIONS = YES;
				CODE_SIGN_IDENTITY = "";
				CURRENT_PROJECT_VERSION = 1;
				DEFINES_MODULE = YES;
				DYLIB_COMPATIBILITY_VERSION = 1;
				DYLIB_CURRENT_VERSION = 1;
				DYLIB_INSTALL_NAME_BASE = "@rpath";
				INFOPLIST_FILE = "Derived/InfoPlists/SharedKit-Info.plist";
				INSTALL_PATH = "$(LOCAL_LIBRARY_DIR)/Frameworks";
				IPHONEOS_DEPLOYMENT_TARGET = 18.0;
				LD_RUNPATH_SEARCH_PATHS = (
					"$(inherited)",
					"@executable_path/Frameworks",
					"@loader_path/Frameworks",
				);
				PRODUCT_BUNDLE_IDENTIFIER = com.authorname.joke.SharedKit;
				PRODUCT_NAME = SharedKit;
				SDKROOT = iphoneos;
				SKIP_INSTALL = YES;
				SUPPORTS_MACCATALYST = NO;
				SUPPORTS_MAC_DESIGNED_FOR_IPHONE_IPAD = NO;
				SUPPORTS_XR_DESIGNED_FOR_IPHONE_IPAD = NO;
				SWIFT_ACTIVE_COMPILATION_CONDITIONS = "$(inherited) DEBUG";
				SWIFT_COMPILATION_MODE = singlefile;
				SWIFT_OPTIMIZATION_LEVEL = "-Onone";
				SWIFT_VERSION = 5.0;
				TARGETED_DEVICE_FAMILY = 1;
				VERSIONING_SYSTEM = "apple-generic";
				VERSION_INFO_PREFIX = "";
			};
			name = Debug;
		};
		DD0FECEA184C3F7C0CA4AECC /* Release */ = {
			isa = XCBuildConfiguration;
			buildSettings = {
				ALWAYS_SEARCH_USER_PATHS = NO;
				ASSETCATALOG_COMPILER_ALTERNATE_APPICON_NAMES = "AppIcon-Alt-1 AppIcon-Alt-2";
				ASSETCATALOG_COMPILER_INCLUDE_ALL_APPICON_ASSETS = YES;
				CLANG_ANALYZER_LOCALIZABILITY_NONLOCALIZED = YES;
				CLANG_ANALYZER_NONNULL = YES;
				CLANG_ANALYZER_NUMBER_OBJECT_CONVERSION = YES_AGGRESSIVE;
				CLANG_CXX_LANGUAGE_STANDARD = "gnu++14";
				CLANG_CXX_LIBRARY = "libc++";
				CLANG_ENABLE_MODULES = YES;
				CLANG_ENABLE_OBJC_ARC = YES;
				CLANG_ENABLE_OBJC_WEAK = YES;
				CLANG_WARN_BLOCK_CAPTURE_AUTORELEASING = YES;
				CLANG_WARN_BOOL_CONVERSION = YES;
				CLANG_WARN_COMMA = YES;
				CLANG_WARN_CONSTANT_CONVERSION = YES;
				CLANG_WARN_DEPRECATED_OBJC_IMPLEMENTATIONS = YES;
				CLANG_WARN_DIRECT_OBJC_ISA_USAGE = YES_ERROR;
				CLANG_WARN_DOCUMENTATION_COMMENTS = YES;
				CLANG_WARN_EMPTY_BODY = YES;
				CLANG_WARN_ENUM_CONVERSION = YES;
				CLANG_WARN_INFINITE_RECURSION = YES;
				CLANG_WARN_INT_CONVERSION = YES;
				CLANG_WARN_NON_LITERAL_NULL_CONVERSION = YES;
				CLANG_WARN_OBJC_IMPLICIT_RETAIN_SELF = YES;
				CLANG_WARN_OBJC_LITERAL_CONVERSION = YES;
				CLANG_WARN_OBJC_ROOT_CLASS = YES_ERROR;
				CLANG_WARN_QUOTED_INCLUDE_IN_FRAMEWORK_HEADER = YES;
				CLANG_WARN_RANGE_LOOP_ANALYSIS = YES;
				CLANG_WARN_STRICT_PROTOTYPES = YES;
				CLANG_WARN_SUSPICIOUS_MOVE = YES;
				CLANG_WARN_UNGUARDED_AVAILABILITY = YES_AGGRESSIVE;
				CLANG_WARN_UNREACHABLE_CODE = YES;
				CLANG_WARN__DUPLICATE_METHOD_MATCH = YES;
				COPY_PHASE_STRIP = NO;
				CURRENT_PROJECT_VERSION = 1;
				DEAD_CODE_STRIPPING = YES;
				DEBUG_INFORMATION_FORMAT = "dwarf-with-dsym";
				ENABLE_NS_ASSERTIONS = NO;
				ENABLE_STRICT_OBJC_MSGSEND = YES;
				GCC_C_LANGUAGE_STANDARD = gnu11;
				GCC_NO_COMMON_BLOCKS = YES;
				GCC_WARN_64_TO_32_BIT_CONVERSION = YES;
				GCC_WARN_ABOUT_RETURN_TYPE = YES_ERROR;
				GCC_WARN_UNDECLARED_SELECTOR = YES;
				GCC_WARN_UNINITIALIZED_AUTOS = YES_AGGRESSIVE;
				GCC_WARN_UNUSED_FUNCTION = YES;
				GCC_WARN_UNUSED_VARIABLE = YES;
				MARKETING_VERSION = 1.0.0;
				MTL_ENABLE_DEBUG_INFO = NO;
				PRODUCT_NAME = "$(TARGET_NAME)";
				VALIDATE_PRODUCT = YES;
			};
			name = Release;
		};
		F2712EEE170D1DBF4B317BD4 /* Release */ = {
			isa = XCBuildConfiguration;
			buildSettings = {
				ASSETCATALOG_COMPILER_APPICON_NAME = AppIcon;
				ASSETCATALOG_COMPILER_GENERATE_SWIFT_ASSET_SYMBOL_EXTENSIONS = YES;
				ASSETCATALOG_COMPILER_GLOBAL_ACCENT_COLOR_NAME = AccentColor;
				CODE_SIGN_ENTITLEMENTS = Derived/Entitlements/Joke.entitlements;
				CODE_SIGN_IDENTITY = "iPhone Developer";
				DEVELOPMENT_TEAM = LZ4N3DYK25;
				ENABLE_PREVIEWS = YES;
				INFOPLIST_FILE = "Derived/InfoPlists/Joke-Info.plist";
				IPHONEOS_DEPLOYMENT_TARGET = 18.0;
				LD_RUNPATH_SEARCH_PATHS = (
					"$(inherited)",
					"@executable_path/Frameworks",
				);
				OTHER_LDFLAGS = "-ObjC";
				PRODUCT_BUNDLE_IDENTIFIER = com.authorname.joke;
				PRODUCT_NAME = Joke;
				SDKROOT = iphoneos;
				SUPPORTS_MACCATALYST = NO;
				SUPPORTS_MAC_DESIGNED_FOR_IPHONE_IPAD = NO;
				SUPPORTS_XR_DESIGNED_FOR_IPHONE_IPAD = NO;
				SWIFT_COMPILATION_MODE = wholemodule;
				SWIFT_OPTIMIZATION_LEVEL = "-Owholemodule";
				SWIFT_VERSION = 5.0;
				TARGETED_DEVICE_FAMILY = 1;
			};
			name = Release;
		};
/* End XCBuildConfiguration section */

/* Begin XCConfigurationList section */
		016238AD8656650438CDFFD3 /* Build configuration list for PBXProject "Joke" */ = {
			isa = XCConfigurationList;
			buildConfigurations = (
				1B61D7CBA27B7B32B0C86937 /* Debug */,
				DD0FECEA184C3F7C0CA4AECC /* Release */,
			);
			defaultConfigurationIsVisible = 0;
			defaultConfigurationName = Release;
		};
		43E9B5F578756578EFBB52EB /* Build configuration list for PBXNativeTarget "SharedKit" */ = {
			isa = XCConfigurationList;
			buildConfigurations = (
				A3DD990528C58F216BFF17A3 /* Debug */,
				08D121899604C977128FAF84 /* Release */,
			);
			defaultConfigurationIsVisible = 0;
			defaultConfigurationName = Release;
		};
		C53749EE8F3A63A89E3D3F18 /* Build configuration list for PBXNativeTarget "Joke" */ = {
			isa = XCConfigurationList;
			buildConfigurations = (
				354E9C33C5CA599AEDEB824B /* Debug */,
				F2712EEE170D1DBF4B317BD4 /* Release */,
			);
			defaultConfigurationIsVisible = 0;
			defaultConfigurationName = Release;
		};
/* End XCConfigurationList section */
	};
	rootObject = 89FD125A174157029324E89E /* Project object */;
}
